{
  "lockfileVersion": 1,
  "configVersion": 1,
  "workspaces": {
    "": {
      "name": "json-schema-zod-tools",
      "dependencies": {
        "@scalar/openapi-types": "^0.9.5",
      },
      "devDependencies": {
        "@types/bun": "latest",
        "oxfmt": "^0.67.0",
        "oxlint": "^1.82.0",
        "typedoc": "^0.28.20",
        "typedoc-plugin-markdown": "^4.13.0",
        "typescript": "^5",
        "zod": "^4.5.4",
      },
      "peerDependencies": {
        "typescript": "^5",
        "zod": "^4",
      },
      "optionalPeers": [
        "typescript",
      ],
    },
  },
  "packages": {
    "@gerrit0/mini-shiki": ["@gerrit0/mini-shiki@3.23.0", "", { "dependencies": { "@shikijs/engine-oniguruma": "^3.23.0", "@shikijs/langs": "^3.23.0", "@shikijs/themes": "^3.23.0", "@shikijs/types": "^3.23.0", "@shikijs/vscode-textmate": "^10.0.2" } }, "sha512-bEMORlG0cqdjVyCEuU0cDQbORWX+kYCeo0kV1lbxF5bt4r7SID2l9bqsxJEM0zndaxpOUT7riCyIVEuqq/Ynxg=="],

    "@oxfmt/binding-android-arm-eabi": ["@oxfmt/binding-android-arm-eabi@0.67.0", "", { "os": "android", "cpu": "arm" }, "sha512-2olh3ioEmc4gRzQm7jxyB1b/PFBoFvTq8KdgYySeNpysDtA6DEg2Mvya4/I6flhL7G0eOrE8RD7JCNCIMhE16Q=="],

    "@oxfmt/binding-android-arm64": ["@oxfmt/binding-android-arm64@0.67.0", "", { "os": "android", "cpu": "arm64" }, "sha512-ulfw8EHN1MBq/MFFDXw2/M1VAFu5mRUcnuZ8Hqbv9viAnFzO9t1jKSAsDqKYYDGMlytF/uj6Z5z5n/tHupnKhw=="],

    "@oxfmt/binding-darwin-arm64": ["@oxfmt/binding-darwin-arm64@0.67.0", "", { "os": "darwin", "cpu": "arm64" }, "sha512-MfONZx/O2o9M5v2jDFol556G9+A+P9xCuJ4DZ+qhE+RnaCdoscy6Eu5nq1dbuNxhwdJyZ6kLI7fnG9mwEeOeGg=="],

    "@oxfmt/binding-darwin-x64": ["@oxfmt/binding-darwin-x64@0.67.0", "", { "os": "darwin", "cpu": "x64" }, "sha512-CYnIx5LvFVJnyJcCqwH2jxMKjFjqo5678MPjdmNFoSGMhlOvZ/xRZqvhDcolKrXc8fezW3AKh+C4wyoFuWOSSg=="],

    "@oxfmt/binding-freebsd-x64": ["@oxfmt/binding-freebsd-x64@0.67.0", "", { "os": "freebsd", "cpu": "x64" }, "sha512-7/iF1orvIS9mxhKUqnmtMgm+OrSQ5acPwuvdQrm6ECgqbwPmC+Pw9cdke3sNfVN6pT2hbJ58+jP8BCThl5HXOg=="],

    "@oxfmt/binding-linux-arm-gnueabihf": ["@oxfmt/binding-linux-arm-gnueabihf@0.67.0", "", { "os": "linux", "cpu": "arm" }, "sha512-yy+OGys07IZOpOmYPZoObKyUQLkfxeQqeCypk+1jaZd8HGo77hzvU1Jg8X3+W75o+9lszOjBfg0nkGtlwYywXw=="],

    "@oxfmt/binding-linux-arm-musleabihf": ["@oxfmt/binding-linux-arm-musleabihf@0.67.0", "", { "os": "linux", "cpu": "arm" }, "sha512-wPIeeigXgJpwNw3wydYRt3U9iN9Y/ejpOZuYL9IA7igxWs7LIQMOkhKxTumRvy6dIv0iXKk3RTw3Vmjg0i+2sg=="],

    "@oxfmt/binding-linux-arm64-gnu": ["@oxfmt/binding-linux-arm64-gnu@0.67.0", "", { "os": "linux", "cpu": "arm64" }, "sha512-0+XNxcdbkTfxdcD4qW6Ci9n+mBNJ8xTBumnxKvKBmRFOdx0Wf8/KiHjCJayooXmYkqRpRVd98Q5egvzx5BLSgQ=="],

    "@oxfmt/binding-linux-arm64-musl": ["@oxfmt/binding-linux-arm64-musl@0.67.0", "", { "os": "linux", "cpu": "arm64" }, "sha512-I75LKPJyNOYUzkqAiAMIE31+Ye7xtQXZdoty1IXn4B+bw5Zpmez5wfG19ejGpNnS/BzQ7LFS+7jxuTPb+vHiZw=="],

    "@oxfmt/binding-linux-ppc64-gnu": ["@oxfmt/binding-linux-ppc64-gnu@0.67.0", "", { "os": "linux", "cpu": "ppc64" }, "sha512-c2M5iRpe1QMZSRE/UvZoPdXBWb5Ic/ycvOyNiKCqPwQ/OyOKIMiJs02ynlNnjb7ZZJnRXYLmGcohoINOcwDK3w=="],

    "@oxfmt/binding-linux-riscv64-gnu": ["@oxfmt/binding-linux-riscv64-gnu@0.67.0", "", { "os": "linux", "cpu": "none" }, "sha512-dQzzYlV24Udhfm5ECuSdgqRvFJU/CGHzcYYEO3dLM6W6+CHiBFrq9OjIllkdCcPhsoSQ8o223Dja84MOSzed9A=="],

    "@oxfmt/binding-linux-riscv64-musl": ["@oxfmt/binding-linux-riscv64-musl@0.67.0", "", { "os": "linux", "cpu": "none" }, "sha512-rFNq1CgX4qMJANOq42LkAs90JE80GpiaEohAV2qn/gT2hGjQTW1zBO5zQBxArI4926pM1OSzo3CN0tBszGBIaA=="],

    "@oxfmt/binding-linux-s390x-gnu": ["@oxfmt/binding-linux-s390x-gnu@0.67.0", "", { "os": "linux", "cpu": "s390x" }, "sha512-Sky6rEdz2o5IGq01lPhS12yEvDdChVEcaYrcLHkveh4Fx0qPjljE/Iul6SX/bRMl6lNc8J7J/mDQdzgBdA++Pg=="],

    "@oxfmt/binding-linux-x64-gnu": ["@oxfmt/binding-linux-x64-gnu@0.67.0", "", { "os": "linux", "cpu": "x64" }, "sha512-vPXmlNORV8AZq2Ocxh07pxwMjfENUWCV/eZArnao0qC3NO/hDeTVkQvee7SJJUbIiF5PZbBa4kYmaXnu7Rk58w=="],

    "@oxfmt/binding-linux-x64-musl": ["@oxfmt/binding-linux-x64-musl@0.67.0", "", { "os": "linux", "cpu": "x64" }, "sha512-x/WAtFqYtVr3vZ9ni8nr4kn9whSitg8fOljq/pZzBpxopRdY1BMLZCZkrbIbaBcYkm46qGbqVea2FCWmtQ2P9w=="],

    "@oxfmt/binding-openharmony-arm64": ["@oxfmt/binding-openharmony-arm64@0.67.0", "", { "os": "none", "cpu": "arm64" }, "sha512-eRw9Neh4/aA6i+q/R3WU1gGQINhVM0J4fXIm6t27caOamkr/37uAkp1IdBx4zlJH97hmXR63z/q9n5c5dN7MzA=="],

    "@oxfmt/binding-win32-arm64-msvc": ["@oxfmt/binding-win32-arm64-msvc@0.67.0", "", { "os": "win32", "cpu": "arm64" }, "sha512-YIMvb+sGNYN2uc6+QK2HLPeEKM2vl7QZ5onQzpAJRb6pnf0DwUFP5R8tdS9R0l8hdUil2gu4Uxd0Yxrop0iT4w=="],

    "@oxfmt/binding-win32-ia32-msvc": ["@oxfmt/binding-win32-ia32-msvc@0.67.0", "", { "os": "win32", "cpu": "ia32" }, "sha512-LzmU9MyACPzwNDIK0ItMedHPz735Ug7ELWguxo4/kuy6zWuDoeglOAEFCY8jLg0PzRpFO3hDyLFe2Gu2eFDeGA=="],

    "@oxfmt/binding-win32-x64-msvc": ["@oxfmt/binding-win32-x64-msvc@0.67.0", "", { "os": "win32", "cpu": "x64" }, "sha512-sbQOIDNLUEeVZcAJcSL5VURn7kfjvilPviody4Yl5n8lQCDtUm+C9oHTTwZS/m4d/Z6Vv3jNEiAofH932NPPCg=="],

    "@oxlint/binding-android-arm-eabi": ["@oxlint/binding-android-arm-eabi@1.82.0", "", { "os": "android", "cpu": "arm" }, "sha512-a3LB+C5Dsj5b/qtmG/mv5WrzuiXEpg1KF5nXWcEvaoN5TYAqkIvxPOwTPp3Jy/FoGpRo8zsTFhMElMXfeoOEzA=="],

    "@oxlint/binding-android-arm64": ["@oxlint/binding-android-arm64@1.82.0", "", { "os": "android", "cpu": "arm64" }, "sha512-OBlhRgNqFblGpGenno/aqOfJLOkQ2B8Ig3iDAalfn0H8hJGZKXPeexCRTDm6uwv6YUjSA9Xnwt1y/Bgj5ZH8uw=="],

    "@oxlint/binding-darwin-arm64": ["@oxlint/binding-darwin-arm64@1.82.0", "", { "os": "darwin", "cpu": "arm64" }, "sha512-dsopxqtY5ZdyT9uLHyGt1SyiLop6hi7hWI3PKpePodkRQOkLaCm+OE4fR9CAz9qdfjiFO8531tX/QDyP/psjFg=="],

    "@oxlint/binding-darwin-x64": ["@oxlint/binding-darwin-x64@1.82.0", "", { "os": "darwin", "cpu": "x64" }, "sha512-94Lu0SgTClKColU66g1VDuigV3HkcbkJBnTtZjGYfE8UPugaWDgKrm2icjC6HJVUYler2OXaHP/X0TBy8+CowQ=="],

    "@oxlint/binding-freebsd-x64": ["@oxlint/binding-freebsd-x64@1.82.0", "", { "os": "freebsd", "cpu": "x64" }, "sha512-hne/V06ewhh1i0w8+l7GDNROAGCGPmyFuOwiP7YTRu0JycyStJ4785dmF8xU5p0uUwt2emvIF9vc7Xjis+cJ0g=="],

    "@oxlint/binding-linux-arm-gnueabihf": ["@oxlint/binding-linux-arm-gnueabihf@1.82.0", "", { "os": "linux", "cpu": "arm" }, "sha512-aWY2xtbZf1LneW9Qsv/n2Sp8gOu74JrlQzEtj4coHX2SHFrCfhmAumaU+sI/A5nr+yoTRTSmI/pL2s6ADlNSkw=="],

    "@oxlint/binding-linux-arm-musleabihf": ["@oxlint/binding-linux-arm-musleabihf@1.82.0", "", { "os": "linux", "cpu": "arm" }, "sha512-Fe+TtXCXMh/5f7kWlZ2VAwsMumZWtraFlKVk1NJlL52/beGwfDE7ov+/8gVirHzWokzGu7X65hSPq0ucPDskWQ=="],

    "@oxlint/binding-linux-arm64-gnu": ["@oxlint/binding-linux-arm64-gnu@1.82.0", "", { "os": "linux", "cpu": "arm64" }, "sha512-6azCZ6OJudlvipNttXCCQcyeFfcJ/NvUZdSN1z8elo73kCHtyQC7WTiUcSjWYvJ1jaq9KDUyMAoAS/vNzhBomA=="],

    "@oxlint/binding-linux-arm64-musl": ["@oxlint/binding-linux-arm64-musl@1.82.0", "", { "os": "linux", "cpu": "arm64" }, "sha512-PLEaSD8IAIIlwW4dwOd9YaxuxeOpwiXL4J24rcnE4iNtyM5j9Q9/3+gti08oXpx0u2ygNjRDx9xjWWpQonuJEw=="],

    "@oxlint/binding-linux-ppc64-gnu": ["@oxlint/binding-linux-ppc64-gnu@1.82.0", "", { "os": "linux", "cpu": "ppc64" }, "sha512-D94em/BwknNTn4vqxjHh5wb2oL566eFhArabqKIr0cNZMHOJuiraFp1A8tXpH05bbE5tqwEfLXTI0MWEGtn3Dw=="],

    "@oxlint/binding-linux-riscv64-gnu": ["@oxlint/binding-linux-riscv64-gnu@1.82.0", "", { "os": "linux", "cpu": "none" }, "sha512-MOprxBaoYU2D4VgxXCl3ghydThWtx7Um1lL51kGYNeQ5Al7WzsH7/tqGdNtbLrIWnjq3bsm13+nz/gRIxjrOXw=="],

    "@oxlint/binding-linux-riscv64-musl": ["@oxlint/binding-linux-riscv64-musl@1.82.0", "", { "os": "linux", "cpu": "none" }, "sha512-5h55QsfJ/luDXZzC20k6SNOY1Az+dCP9WvntKtcUWh2JhckAdwApY2ZusaBTwLENnReXU+A2fJtSrYvZJNKNPg=="],

    "@oxlint/binding-linux-s390x-gnu": ["@oxlint/binding-linux-s390x-gnu@1.82.0", "", { "os": "linux", "cpu": "s390x" }, "sha512-IE8NJNLlHr0CaXyGJPGVn0eTkUyoj1I2UfA8x7I4PSOYKsQ/6btVC7Pywrj5onk0cMH25r6Z38SoN3AvE5Zuog=="],

    "@oxlint/binding-linux-x64-gnu": ["@oxlint/binding-linux-x64-gnu@1.82.0", "", { "os": "linux", "cpu": "x64" }, "sha512-XUUUxaBo9XKl+J1B9EmP1cTGQPddzeURvoGkfwh/94PGnbW+hBprDljneoI2M1jzC1bzrIV3ihc7iM9UXl8+tg=="],

    "@oxlint/binding-linux-x64-musl": ["@oxlint/binding-linux-x64-musl@1.82.0", "", { "os": "linux", "cpu": "x64" }, "sha512-SWLSFulX9TDuH6yvbPYp4+VNn6jkkIvvI+KiujDM5rWBRHEfkesCC/pCneIIUr6ovkxZ5fRtpi2v5Cz5FrMJZg=="],

    "@oxlint/binding-openharmony-arm64": ["@oxlint/binding-openharmony-arm64@1.82.0", "", { "os": "none", "cpu": "arm64" }, "sha512-BQy35f6ZUdNr9a6c7B7orxQTcLjByGT2z3WAgmRovpRwmPYAaJ+NTplmMzhdjdJ4qSchfMNZy/Ukg+qRg6zseQ=="],

    "@oxlint/binding-win32-arm64-msvc": ["@oxlint/binding-win32-arm64-msvc@1.82.0", "", { "os": "win32", "cpu": "arm64" }, "sha512-V4QhSTg5gctZue8RJjsGi7NpQPThr/p1/HfmiMC5kfe1KFEup9SQRVub4A6kijQjdHfxj7bLL1KO3QO7/5bwMQ=="],

    "@oxlint/binding-win32-ia32-msvc": ["@oxlint/binding-win32-ia32-msvc@1.82.0", "", { "os": "win32", "cpu": "ia32" }, "sha512-TUSCLaKB2yktpFAJ/r3HAUYsaV/3DT7JS4iNKyoh3a9YNwD0UG7Ezh4D8m23654vQcU6P/RQrCAjRPKe4peP/A=="],

    "@oxlint/binding-win32-x64-msvc": ["@oxlint/binding-win32-x64-msvc@1.82.0", "", { "os": "win32", "cpu": "x64" }, "sha512-VTVoRIWJTb+wvUX8EYoPArfFH02whuR10goFXE/LHRRX33ajRrFgqbcONXZMiF4C5rnattfkm87HqYn8jb8hmQ=="],

    "@scalar/openapi-types": ["@scalar/openapi-types@0.9.5", "", {}, "sha512-czrz/zkVm1oPzrpYo3hI/iymfiw1s4dgJiQtwNi2U77Sqf3EQOGKsif4VNRa5suWMYRuPaFx5EiFM1FNEV4Whg=="],

    "@shikijs/engine-oniguruma": ["@shikijs/engine-oniguruma@3.23.0", "", { "dependencies": { "@shikijs/types": "3.23.0", "@shikijs/vscode-textmate": "^10.0.2" } }, "sha512-1nWINwKXxKKLqPibT5f4pAFLej9oZzQTsby8942OTlsJzOBZ0MWKiwzMsd+jhzu8YPCHAswGnnN1YtQfirL35g=="],

    "@shikijs/langs": ["@shikijs/langs@3.23.0", "", { "dependencies": { "@shikijs/types": "3.23.0" } }, "sha512-2Ep4W3Re5aB1/62RSYQInK9mM3HsLeB91cHqznAJMuylqjzNVAVCMnNWRHFtcNHXsoNRayP9z1qj4Sq3nMqYXg=="],

    "@shikijs/themes": ["@shikijs/themes@3.23.0", "", { "dependencies": { "@shikijs/types": "3.23.0" } }, "sha512-5qySYa1ZgAT18HR/ypENL9cUSGOeI2x+4IvYJu4JgVJdizn6kG4ia5Q1jDEOi7gTbN4RbuYtmHh0W3eccOrjMA=="],

    "@shikijs/types": ["@shikijs/types@3.23.0", "", { "dependencies": { "@shikijs/vscode-textmate": "^10.0.2", "@types/hast": "^3.0.4" } }, "sha512-3JZ5HXOZfYjsYSk0yPwBrkupyYSLpAE26Qc0HLghhZNGTZg/SKxXIIgoxOpmmeQP0RRSDJTk1/vPfw9tbw+jSQ=="],

    "@shikijs/vscode-textmate": ["@shikijs/vscode-textmate@10.0.2", "", {}, "sha512-83yeghZ2xxin3Nj8z1NMd/NCuca+gsYXswywDy5bHvwlWL8tpTQmzGeUuHd9FC3E/SBEMvzJRwWEOz5gGes9Qg=="],

    "@types/bun": ["@types/bun@1.3.10", "", { "dependencies": { "bun-types": "1.3.10" } }, "sha512-0+rlrUrOrTSskibryHbvQkDOWRJwJZqZlxrUs1u4oOoTln8+WIXBPmAuCF35SWB2z4Zl3E84Nl/D0P7803nigQ=="],

    "@types/hast": ["@types/hast@3.0.4", "", { "dependencies": { "@types/unist": "*" } }, "sha512-WPs+bbQw5aCj+x6laNGWLH3wviHtoCv/P3+otBhbOhJgG8qtpdAMlTCxLtsTWA7LH1Oh/bFCHsBn0TPS5m30EQ=="],

    "@types/node": ["@types/node@25.3.3", "", { "dependencies": { "undici-types": "~7.18.0" } }, "sha512-DpzbrH7wIcBaJibpKo9nnSQL0MTRdnWttGyE5haGwK86xgMOkFLp7vEyfQPGLOJh5wNYiJ3V9PmUMDhV9u8kkQ=="],

    "@types/unist": ["@types/unist@3.0.3", "", {}, "sha512-ko/gIFJRv177XgZsZcBwnqJN5x/Gien8qNOn0D5bQU/zAzVf9Zt3BlcUiLqhV9y4ARk0GbT3tnUiPNgnTXzc/Q=="],

    "argparse": ["argparse@2.0.1", "", {}, "sha512-8+9WqebbFzpX9OR+Wa6O29asIogeRMzcGtAINdpMHHyAg10f05aSFVBbcEqGf/PXw1EjAZ+q2/bEBg3DvurK3Q=="],

    "balanced-match": ["balanced-match@4.0.4", "", {}, "sha512-BLrgEcRTwX2o6gGxGOCNyMvGSp35YofuYzw9h1IMTRmKqttAZZVU67bdb9Pr2vUHA8+j3i2tJfjO6C6+4myGTA=="],

    "brace-expansion": ["brace-expansion@5.0.9", "", { "dependencies": { "balanced-match": "^4.0.2" } }, "sha512-ScQ4IuvIEF1TMlP7Zt+vjJ//9zlPb2SDcxWxM3bk8s6t6GGdJ7KO1dCcTidOPJKePW30LE/2cT7wCyPho9/Wxg=="],

    "bun-types": ["bun-types@1.3.10", "", { "dependencies": { "@types/node": "*" } }, "sha512-tcpfCCl6XWo6nCVnpcVrxQ+9AYN1iqMIzgrSKYMB/fjLtV2eyAVEg7AxQJuCq/26R6HpKWykQXuSOq/21RYcbg=="],

    "entities": ["entities@4.5.0", "", {}, "sha512-V0hjH4dGPh9Ao5p0MoRY6BVqtwCjhz6vI5LT8AJ55H+4g9/4vbHx1I54fS0XuclLhDHArPQCiMjDxjaL8fPxhw=="],

    "linkify-it": ["linkify-it@5.0.2", "", { "dependencies": { "uc.micro": "^2.0.0" } }, "sha512-ONTm2jCMAVZjgQa/Fy1kScXsuOoF5NPTsoFBdE1KVIZ2vAh/r9+Bqo+0jINCBYnavTPQZz38QzFTme79ENoN3Q=="],

    "lunr": ["lunr@2.3.9", "", {}, "sha512-zTU3DaZaF3Rt9rhN3uBMGQD3dD2/vFQqnvZCDv4dl5iOzq2IZQqTxu90r4E5J+nP70J3ilqVCrbho2eWaeW8Ow=="],

    "markdown-it": ["markdown-it@14.3.1", "", { "dependencies": { "argparse": "^2.0.1", "entities": "^4.5.0", "linkify-it": "^5.0.2", "mdurl": "^2.0.0", "punycode.js": "^2.3.1", "uc.micro": "^2.1.0" }, "bin": { "markdown-it": "bin/markdown-it.mjs" } }, "sha512-4Ej49aYTDFIQ+uBkfX8GBvJGccoARxxPep+7aWTs55ozbjQJpW9M26Fe53vnGgvLeVzva/amzjQQaQu9w0vMhA=="],

    "mdurl": ["mdurl@2.0.0", "", {}, "sha512-Lf+9+2r+Tdp5wXDXC4PcIBjTDtq4UKjCPMQhKIuzpJNW0b96kVqSwW0bT7FhRSfmAiFYgP+SCRvdrDozfh0U5w=="],

    "minimatch": ["minimatch@10.2.6", "", { "dependencies": { "brace-expansion": "^5.0.8" } }, "sha512-vpLQEs+VLCr1nU0BXS07maYoFwlDAH0gngQuuttxIwutDFEMHq2blX+8vpgxDdK3J1PwjCJiep77OitTZ4Ll1A=="],

    "oxfmt": ["oxfmt@0.67.0", "", { "dependencies": { "tinypool": "2.1.2" }, "optionalDependencies": { "@oxfmt/binding-android-arm-eabi": "0.67.0", "@oxfmt/binding-android-arm64": "0.67.0", "@oxfmt/binding-darwin-arm64": "0.67.0", "@oxfmt/binding-darwin-x64": "0.67.0", "@oxfmt/binding-freebsd-x64": "0.67.0", "@oxfmt/binding-linux-arm-gnueabihf": "0.67.0", "@oxfmt/binding-linux-arm-musleabihf": "0.67.0", "@oxfmt/binding-linux-arm64-gnu": "0.67.0", "@oxfmt/binding-linux-arm64-musl": "0.67.0", "@oxfmt/binding-linux-ppc64-gnu": "0.67.0", "@oxfmt/binding-linux-riscv64-gnu": "0.67.0", "@oxfmt/binding-linux-riscv64-musl": "0.67.0", "@oxfmt/binding-linux-s390x-gnu": "0.67.0", "@oxfmt/binding-linux-x64-gnu": "0.67.0", "@oxfmt/binding-linux-x64-musl": "0.67.0", "@oxfmt/binding-openharmony-arm64": "0.67.0", "@oxfmt/binding-win32-arm64-msvc": "0.67.0", "@oxfmt/binding-win32-ia32-msvc": "0.67.0", "@oxfmt/binding-win32-x64-msvc": "0.67.0" }, "peerDependencies": { "svelte": "^5.0.0", "vite-plus": "*" }, "optionalPeers": ["svelte", "vite-plus"], "bin": { "oxfmt": "bin/oxfmt" } }, "sha512-vV7sSiPsaO0mSxdoUdayipVDFPzW/UQ+hrezEHa20+Tx1dnMdZLSRHMT0PdS67FFbhd74M1n08asW21aLGeCrA=="],

    "oxlint": ["oxlint@1.82.0", "", { "optionalDependencies": { "@oxlint/binding-android-arm-eabi": "1.82.0", "@oxlint/binding-android-arm64": "1.82.0", "@oxlint/binding-darwin-arm64": "1.82.0", "@oxlint/binding-darwin-x64": "1.82.0", "@oxlint/binding-freebsd-x64": "1.82.0", "@oxlint/binding-linux-arm-gnueabihf": "1.82.0", "@oxlint/binding-linux-arm-musleabihf": "1.82.0", "@oxlint/binding-linux-arm64-gnu": "1.82.0", "@oxlint/binding-linux-arm64-musl": "1.82.0", "@oxlint/binding-linux-ppc64-gnu": "1.82.0", "@oxlint/binding-linux-riscv64-gnu": "1.82.0", "@oxlint/binding-linux-riscv64-musl": "1.82.0", "@oxlint/binding-linux-s390x-gnu": "1.82.0", "@oxlint/binding-linux-x64-gnu": "1.82.0", "@oxlint/binding-linux-x64-musl": "1.82.0", "@oxlint/binding-openharmony-arm64": "1.82.0", "@oxlint/binding-win32-arm64-msvc": "1.82.0", "@oxlint/binding-win32-ia32-msvc": "1.82.0", "@oxlint/binding-win32-x64-msvc": "1.82.0" }, "peerDependencies": { "oxlint-tsgolint": ">=7.0.2001", "vite-plus": "*" }, "optionalPeers": ["oxlint-tsgolint", "vite-plus"], "bin": { "oxlint": "bin/oxlint" } }, "sha512-+iFM1BGw1ntYJt3QngbJmjbrGxPaKMUADOXOijpWGnYcBPq8YZnQftSS1C+pVcDYy9YxqDVJKQqQkTazTQMboQ=="],

    "punycode.js": ["punycode.js@2.3.1", "", {}, "sha512-uxFIHU0YlHYhDQtV4R9J6a52SLx28BCjT+4ieh7IGbgwVJWO+km431c4yRlREUAsAmt/uMjQUyQHNEPf0M39CA=="],

    "tinypool": ["tinypool@2.1.2", "", {}, "sha512-9YodfrxS9g9IbFr/KOjE5bAeJ0p61n3bW6mqvy0jtoeKd1kTW1Cxm0oulm6KX2lyM9Gl6WIe8nEbY7LWv5ZJww=="],

    "typedoc": ["typedoc@0.28.20", "", { "dependencies": { "@gerrit0/mini-shiki": "^3.23.0", "lunr": "^2.3.9", "markdown-it": "^14.3.0", "minimatch": "^10.2.5", "yaml": "^2.9.0" }, "peerDependencies": { "typescript": "5.0.x || 5.1.x || 5.2.x || 5.3.x || 5.4.x || 5.5.x || 5.6.x || 5.7.x || 5.8.x || 5.9.x || 6.0.x" }, "bin": { "typedoc": "bin/typedoc" } }, "sha512-uSKqkh8Cr48vllnEy+jdaAgOeR6Y+QCBW7usgUsKj7gJEfR7stw9U/fE49LBnj2tPRKPY0c0EBJSWe9Appmplg=="],

    "typedoc-plugin-markdown": ["typedoc-plugin-markdown@4.13.0", "", { "peerDependencies": { "typedoc": "0.28.x" } }, "sha512-OHaOLoMTS0wL2ud73WXvxv486mrUEtgXxW4iKiTOGJVipT/VBWY76rlVRMQGes7aVonoIf5roWRe1UvHbufLlQ=="],

    "typescript": ["typescript@5.9.3", "", { "bin": { "tsc": "bin/tsc", "tsserver": "bin/tsserver" } }, "sha512-jl1vZzPDinLr9eUt3J/t7V6FgNEw9QjvBPdysz9KfQDD41fQrC2Y4vKQdiaUpFT4bXlb1RHhLpp8wtm6M5TgSw=="],

    "uc.micro": ["uc.micro@2.1.0", "", {}, "sha512-ARDJmphmdvUk6Glw7y9DQ2bFkKBHwQHLi2lsaH6PPmz/Ka9sFOBsBluozhDltWmnv9u/cF6Rt87znRTPV+yp/A=="],

    "undici-types": ["undici-types@7.18.2", "", {}, "sha512-AsuCzffGHJybSaRrmr5eHr81mwJU3kjw6M+uprWvCXiNeN9SOGwQ3Jn8jb8m3Z6izVgknn1R0FTCEAP2QrLY/w=="],

    "yaml": ["yaml@2.9.0", "", { "bin": { "yaml": "bin.mjs" } }, "sha512-2AvhNX3mb8zd6Zy7INTtSpl1F15HW6Wnqj0srWlkKLcpYl/gMIMJiyuGq2KeI2YFxUPjdlB+3Lc10seMLtL4cA=="],

    "zod": ["zod@4.5.4", "", {}, "sha512-sC95tT5iHHH9gtpj6A81kh+NEaRAUFN+qlUPDUbRfOMvNf5QCBqsb3WgvnpVtK5Y+4UfA6KqufotuTvMGiTlsA=="],
  }
}
